
Microsoft Visual Studio Solution File, Format Version 11.00
# Visual Studio 2010
Project("{FAE04EC0-301F-11D3-BF4B-00C04F79EFBC}") = "Assembly-CSharp-vs", "Assembly-CSharp-vs.csproj", "{EDFB21CB-8A2D-0241-3DBA-DF0E55C41E5A}"
EndProject
Global
	GlobalSection(SolutionConfigurationPlatforms) = preSolution
		Debug|Any CPU = Debug|Any CPU
		Release|Any CPU = Release|Any CPU
	EndGlobalSection
	GlobalSection(ProjectConfigurationPlatforms) = postSolution
		{EDFB21CB-8A2D-0241-3DBA-DF0E55C41E5A}.Debug|Any CPU.ActiveCfg = Debug|Any CPU
		{EDFB21CB-8A2D-0241-3DBA-DF0E55C41E5A}.Debug|Any CPU.Build.0 = Debug|Any CPU
		{EDFB21CB-8A2D-0241-3DBA-DF0E55C41E5A}.Release|Any CPU.ActiveCfg = Release|Any CPU
		{EDFB21CB-8A2D-0241-3DBA-DF0E55C41E5A}.Release|Any CPU.Build.0 = Release|Any CPU
	EndGlobalSection
	GlobalSection(MonoDevelopProperties) = preSolution
		StartupItem = Assembly-CSharp-vs.csproj
		Policies = $0
		$0.TextStylePolicy = $1
		$1.TabsToSpaces = False
		$1.inheritsSet = VisualStudio
		$1.inheritsScope = text/plain
		$1.scope = text/x-csharp
		$0.CSharpFormattingPolicy = $2
		$2.inheritsSet = Mono
		$2.inheritsScope = text/x-csharp
		$2.scope = text/x-csharp
		$0.TextStylePolicy = $3
		$3.FileWidth = 120
		$3.TabsToSpaces = False
		$3.EolMarker = Unix
		$3.inheritsSet = VisualStudio
		$3.inheritsScope = text/plain
		$3.scope = text/plain
		$0.TextStylePolicy = $4
		$4.inheritsSet = null
		$4.scope = application/xml
		$0.XmlFormattingPolicy = $5
		$5.inheritsSet = Mono
		$5.inheritsScope = application/xml
		$5.scope = application/xml
		$0.StandardHeader = $6
		$6.Text = 
		$6.IncludeInNewFiles = True
		$0.NameConventionPolicy = $7
		$7.Rules = $8
		$8.NamingRule = $9
		$9.Name = Namespaces
		$9.AffectedEntity = Namespace
		$9.VisibilityMask = VisibilityMask
		$9.NamingStyle = PascalCase
		$9.IncludeInstanceMembers = True
		$9.IncludeStaticEntities = True
		$8.NamingRule = $10
		$10.Name = Types
		$10.AffectedEntity = Class, Struct, Enum, Delegate
		$10.VisibilityMask = Public
		$10.NamingStyle = PascalCase
		$10.IncludeInstanceMembers = True
		$10.IncludeStaticEntities = True
		$8.NamingRule = $11
		$11.Name = Interfaces
		$11.RequiredPrefixes = $12
		$12.String = I
		$11.AffectedEntity = Interface
		$11.VisibilityMask = Public
		$11.NamingStyle = PascalCase
		$11.IncludeInstanceMembers = True
		$11.IncludeStaticEntities = True
		$8.NamingRule = $13
		$13.Name = Attributes
		$13.RequiredSuffixes = $14
		$14.String = Attribute
		$13.AffectedEntity = CustomAttributes
		$13.VisibilityMask = Public
		$13.NamingStyle = PascalCase
		$13.IncludeInstanceMembers = True
		$13.IncludeStaticEntities = True
		$8.NamingRule = $15
		$15.Name = Event Arguments
		$15.RequiredSuffixes = $16
		$16.String = EventArgs
		$15.AffectedEntity = CustomEventArgs
		$15.VisibilityMask = Public
		$15.NamingStyle = PascalCase
		$15.IncludeInstanceMembers = True
		$15.IncludeStaticEntities = True
		$8.NamingRule = $17
		$17.Name = Exceptions
		$17.RequiredSuffixes = $18
		$18.String = Exception
		$17.AffectedEntity = CustomExceptions
		$17.VisibilityMask = VisibilityMask
		$17.NamingStyle = PascalCase
		$17.IncludeInstanceMembers = True
		$17.IncludeStaticEntities = True
		$8.NamingRule = $19
		$19.Name = Methods
		$19.AffectedEntity = Methods
		$19.VisibilityMask = Protected, Public
		$19.NamingStyle = PascalCase
		$19.IncludeInstanceMembers = True
		$19.IncludeStaticEntities = True
		$8.NamingRule = $20
		$20.Name = Static Readonly Fields
		$20.AffectedEntity = ReadonlyField
		$20.VisibilityMask = Protected, Public
		$20.NamingStyle = PascalCase
		$20.IncludeInstanceMembers = False
		$20.IncludeStaticEntities = True
		$8.NamingRule = $21
		$21.Name = Fields
		$21.AffectedEntity = Field
		$21.VisibilityMask = Protected, Public
		$21.NamingStyle = PascalCase
		$21.IncludeInstanceMembers = True
		$21.IncludeStaticEntities = True
		$8.NamingRule = $22
		$22.Name = ReadOnly Fields
		$22.AffectedEntity = ReadonlyField
		$22.VisibilityMask = Protected, Public
		$22.NamingStyle = PascalCase
		$22.IncludeInstanceMembers = True
		$22.IncludeStaticEntities = False
		$8.NamingRule = $23
		$23.Name = Constant Fields
		$23.AffectedEntity = ConstantField
		$23.VisibilityMask = Protected, Public
		$23.NamingStyle = PascalCase
		$23.IncludeInstanceMembers = True
		$23.IncludeStaticEntities = True
		$8.NamingRule = $24
		$24.Name = Properties
		$24.AffectedEntity = Property
		$24.VisibilityMask = Protected, Public
		$24.NamingStyle = PascalCase
		$24.IncludeInstanceMembers = True
		$24.IncludeStaticEntities = True
		$8.NamingRule = $25
		$25.Name = Events
		$25.AffectedEntity = Event
		$25.VisibilityMask = Protected, Public
		$25.NamingStyle = PascalCase
		$25.IncludeInstanceMembers = True
		$25.IncludeStaticEntities = True
		$8.NamingRule = $26
		$26.Name = Enum Members
		$26.AffectedEntity = EnumMember
		$26.VisibilityMask = VisibilityMask
		$26.NamingStyle = PascalCase
		$26.IncludeInstanceMembers = True
		$26.IncludeStaticEntities = True
		$8.NamingRule = $27
		$27.Name = Parameters
		$27.AffectedEntity = Parameter
		$27.VisibilityMask = VisibilityMask
		$27.NamingStyle = CamelCase
		$27.IncludeInstanceMembers = True
		$27.IncludeStaticEntities = True
		$8.NamingRule = $28
		$28.Name = Type Parameters
		$28.RequiredPrefixes = $29
		$29.String = T
		$28.AffectedEntity = TypeParameter
		$28.VisibilityMask = VisibilityMask
		$28.NamingStyle = PascalCase
		$28.IncludeInstanceMembers = True
		$28.IncludeStaticEntities = True
	EndGlobalSection
	GlobalSection(SolutionProperties) = preSolution
		HideSolutionNode = FALSE
	EndGlobalSection
EndGlobal
